
Microsoft Visual Studio Solution File, Format Version 12.00
# Visual Studio Version 17
VisualStudioVersion = 17.4.33205.214
MinimumVisualStudioVersion = 10.0.40219.1
Project("{FAE04EC0-301F-11D3-BF4B-00C04F79EFBC}") = "ConsoleApp5", "ConsoleApp5\ConsoleApp5.csproj", "{3277CBDD-886C-4E6A-8B9D-9E69E108AB75}"
EndProject
Global
	GlobalSection(SolutionConfigurationPlatforms) = preSolution
		Debug|Any CPU = Debug|Any CPU
		Release|Any CPU = Release|Any CPU
	EndGlobalSection
	GlobalSection(ProjectConfigurationPlatforms) = postSolution
		{3277CBDD-886C-4E6A-8B9D-9E69E108AB75}.Debug|Any CPU.ActiveCfg = Debug|Any CPU
		{3277CBDD-886C-4E6A-8B9D-9E69E108AB75}.Debug|Any CPU.Build.0 = Debug|Any CPU
		{3277CBDD-886C-4E6A-8B9D-9E69E108AB75}.Release|Any CPU.ActiveCfg = Release|Any CPU
		{3277CBDD-886C-4E6A-8B9D-9E69E108AB75}.Release|Any CPU.Build.0 = Release|Any CPU
	EndGlobalSection
	GlobalSection(SolutionProperties) = preSolution
		HideSolutionNode = FALSE
	EndGlobalSection
	GlobalSection(ExtensibilityGlobals) = postSolution
		SolutionGuid = {1B589F1E-D7C4-4E88-923B-ABA58DA17932}
	EndGlobalSection
EndGlobal
